// !$*UTF8*$!
{
	archiveVersion = 1;
	classes = {
	};
	objectVersion = 51;
	objects = {

/* Begin PBXBuildFile section */
		9F18437132F94B97399D51F0 /* Pods_marvelHeroes.framework in Frameworks */ = {isa = PBXBuildFile; fileRef = 352166FC48728D1F6BFD250B /* Pods_marvelHeroes.framework */; };
		AAB6481025C74D840057DBB8 /* AppDelegate.swift in Sources */ = {isa = PBXBuildFile; fileRef = AAB6480F25C74D840057DBB8 /* AppDelegate.swift */; };
		AAB6481225C74D840057DBB8 /* SceneDelegate.swift in Sources */ = {isa = PBXBuildFile; fileRef = AAB6481125C74D840057DBB8 /* SceneDelegate.swift */; };
		AAB6481A25C74D840057DBB8 /* marvelHeroes.xcdatamodeld in Sources */ = {isa = PBXBuildFile; fileRef = AAB6481825C74D840057DBB8 /* marvelHeroes.xcdatamodeld */; };
		AAB6481C25C74D850057DBB8 /* Assets.xcassets in Resources */ = {isa = PBXBuildFile; fileRef = AAB6481B25C74D850057DBB8 /* Assets.xcassets */; };
		AAB6481F25C74D850057DBB8 /* LaunchScreen.storyboard in Resources */ = {isa = PBXBuildFile; fileRef = AAB6481D25C74D850057DBB8 /* LaunchScreen.storyboard */; };
		AAB6484325C75BE40057DBB8 /* CharactersPresenter.swift in Sources */ = {isa = PBXBuildFile; fileRef = AAB6483D25C75BE40057DBB8 /* CharactersPresenter.swift */; };
		AAB6484425C75BE40057DBB8 /* CharactersWorker.swift in Sources */ = {isa = PBXBuildFile; fileRef = AAB6483E25C75BE40057DBB8 /* CharactersWorker.swift */; };
		AAB6484525C75BE40057DBB8 /* CharactersRouter.swift in Sources */ = {isa = PBXBuildFile; fileRef = AAB6483F25C75BE40057DBB8 /* CharactersRouter.swift */; };
		AAB6484625C75BE40057DBB8 /* CharactersModels.swift in Sources */ = {isa = PBXBuildFile; fileRef = AAB6484025C75BE40057DBB8 /* CharactersModels.swift */; };
		AAB6484725C75BE40057DBB8 /* CharactersViewController.swift in Sources */ = {isa = PBXBuildFile; fileRef = AAB6484125C75BE40057DBB8 /* CharactersViewController.swift */; };
		AAB6484825C75BE40057DBB8 /* CharactersInteractor.swift in Sources */ = {isa = PBXBuildFile; fileRef = AAB6484225C75BE40057DBB8 /* CharactersInteractor.swift */; };
		AAB6484C25C75C500057DBB8 /* CharactersFactory.swift in Sources */ = {isa = PBXBuildFile; fileRef = AAB6484B25C75C500057DBB8 /* CharactersFactory.swift */; };
		AAB6485925C781340057DBB8 /* StorySummaryModel.swift in Sources */ = {isa = PBXBuildFile; fileRef = AAB6484F25C781340057DBB8 /* StorySummaryModel.swift */; };
		AAB6485A25C781340057DBB8 /* ComicsModel.swift in Sources */ = {isa = PBXBuildFile; fileRef = AAB6485025C781340057DBB8 /* ComicsModel.swift */; };
		AAB6485B25C781340057DBB8 /* SeriesSummaryModel.swift in Sources */ = {isa = PBXBuildFile; fileRef = AAB6485125C781340057DBB8 /* SeriesSummaryModel.swift */; };
		AAB6485C25C781340057DBB8 /* CharacterModel.swift in Sources */ = {isa = PBXBuildFile; fileRef = AAB6485225C781340057DBB8 /* CharacterModel.swift */; };
		AAB6485D25C781340057DBB8 /* ComicSummaryModel.swift in Sources */ = {isa = PBXBuildFile; fileRef = AAB6485325C781340057DBB8 /* ComicSummaryModel.swift */; };
		AAB6485E25C781340057DBB8 /* SeriesModel.swift in Sources */ = {isa = PBXBuildFile; fileRef = AAB6485425C781340057DBB8 /* SeriesModel.swift */; };
		AAB6485F25C781340057DBB8 /* ThumbnailModel.swift in Sources */ = {isa = PBXBuildFile; fileRef = AAB6485525C781340057DBB8 /* ThumbnailModel.swift */; };
		AAB6486025C781340057DBB8 /* UrlsModel.swift in Sources */ = {isa = PBXBuildFile; fileRef = AAB6485625C781340057DBB8 /* UrlsModel.swift */; };
		AAB6486125C781340057DBB8 /* EventsModel.swift in Sources */ = {isa = PBXBuildFile; fileRef = AAB6485725C781340057DBB8 /* EventsModel.swift */; };
		AAB6486225C781340057DBB8 /* StoriesModel.swift in Sources */ = {isa = PBXBuildFile; fileRef = AAB6485825C781340057DBB8 /* StoriesModel.swift */; };
		AAB6487A25C7A40C0057DBB8 /* CharactersAPI.swift in Sources */ = {isa = PBXBuildFile; fileRef = AAB6487925C7A40C0057DBB8 /* CharactersAPI.swift */; };
		AAB6487E25C7A4340057DBB8 /* CharactersNetworkManager.swift in Sources */ = {isa = PBXBuildFile; fileRef = AAB6487D25C7A4340057DBB8 /* CharactersNetworkManager.swift */; };
		AAB6488425C7AB400057DBB8 /* RESTRequest.swift in Sources */ = {isa = PBXBuildFile; fileRef = AAB6488325C7AB400057DBB8 /* RESTRequest.swift */; };
		AAB6488825C7AB4C0057DBB8 /* RESTService.swift in Sources */ = {isa = PBXBuildFile; fileRef = AAB6488725C7AB4C0057DBB8 /* RESTService.swift */; };
		AAB6488B25C7AB6B0057DBB8 /* RESTErrors.swift in Sources */ = {isa = PBXBuildFile; fileRef = AAB6488A25C7AB6B0057DBB8 /* RESTErrors.swift */; };
		AAB6488E25C7AB7A0057DBB8 /* HTTPMethod.swift in Sources */ = {isa = PBXBuildFile; fileRef = AAB6488D25C7AB7A0057DBB8 /* HTTPMethod.swift */; };
		AAB6489425C7C27E0057DBB8 /* CharacterDataWrapperModel.swift in Sources */ = {isa = PBXBuildFile; fileRef = AAB6489325C7C27E0057DBB8 /* CharacterDataWrapperModel.swift */; };
		AAB6489725C7C3590057DBB8 /* CharacterDataContainerModel.swift in Sources */ = {isa = PBXBuildFile; fileRef = AAB6489625C7C3590057DBB8 /* CharacterDataContainerModel.swift */; };
		AAB6489B25C7CC690057DBB8 /* MD5.swift in Sources */ = {isa = PBXBuildFile; fileRef = AAB6489A25C7CC690057DBB8 /* MD5.swift */; };
		AAB6489F25C7CC890057DBB8 /* Timestamp.swift in Sources */ = {isa = PBXBuildFile; fileRef = AAB6489E25C7CC890057DBB8 /* Timestamp.swift */; };
		AAB648A325C7D1E30057DBB8 /* ErrorConstants.swift in Sources */ = {isa = PBXBuildFile; fileRef = AAB648A225C7D1E30057DBB8 /* ErrorConstants.swift */; };
		AAB648AA25C7D92F0057DBB8 /* EventSummaryModel.swift in Sources */ = {isa = PBXBuildFile; fileRef = AAB648A925C7D92F0057DBB8 /* EventSummaryModel.swift */; };
		AAB648AF25C7DA7A0057DBB8 /* LoadingView.swift in Sources */ = {isa = PBXBuildFile; fileRef = AAB648AE25C7DA7A0057DBB8 /* LoadingView.swift */; };
		AAB648B325C7DB700057DBB8 /* AlertView.swift in Sources */ = {isa = PBXBuildFile; fileRef = AAB648B225C7DB700057DBB8 /* AlertView.swift */; };
		AAB648B725C833990057DBB8 /* CoreDataManager.swift in Sources */ = {isa = PBXBuildFile; fileRef = AAB648B625C833990057DBB8 /* CoreDataManager.swift */; };
		AAB648BB25C8360E0057DBB8 /* FavoriteContextualAction.swift in Sources */ = {isa = PBXBuildFile; fileRef = AAB648BA25C8360E0057DBB8 /* FavoriteContextualAction.swift */; };
		AAB648BF25C849E40057DBB8 /* MainTabBarController.swift in Sources */ = {isa = PBXBuildFile; fileRef = AAB648BE25C849E40057DBB8 /* MainTabBarController.swift */; };
		AAB648E625C89FA10057DBB8 /* FavoritesPresenter.swift in Sources */ = {isa = PBXBuildFile; fileRef = AAB648E025C89FA10057DBB8 /* FavoritesPresenter.swift */; };
		AAB648E725C89FA10057DBB8 /* FavoritesWorker.swift in Sources */ = {isa = PBXBuildFile; fileRef = AAB648E125C89FA10057DBB8 /* FavoritesWorker.swift */; };
		AAB648E825C89FA10057DBB8 /* FavoritesRouter.swift in Sources */ = {isa = PBXBuildFile; fileRef = AAB648E225C89FA10057DBB8 /* FavoritesRouter.swift */; };
		AAB648E925C89FA10057DBB8 /* FavoritesModels.swift in Sources */ = {isa = PBXBuildFile; fileRef = AAB648E325C89FA10057DBB8 /* FavoritesModels.swift */; };
		AAB648EA25C89FA10057DBB8 /* FavoritesViewController.swift in Sources */ = {isa = PBXBuildFile; fileRef = AAB648E425C89FA10057DBB8 /* FavoritesViewController.swift */; };
		AAB648EB25C89FA10057DBB8 /* FavoritesInteractor.swift in Sources */ = {isa = PBXBuildFile; fileRef = AAB648E525C89FA10057DBB8 /* FavoritesInteractor.swift */; };
		AAB648EE25C89FAD0057DBB8 /* FavoritesFactory.swift in Sources */ = {isa = PBXBuildFile; fileRef = AAB648ED25C89FAD0057DBB8 /* FavoritesFactory.swift */; };
		AAB648F125C8A62A0057DBB8 /* deadpool.json in Resources */ = {isa = PBXBuildFile; fileRef = AAB648F025C8A62A0057DBB8 /* deadpool.json */; };
		AAB648FE25C8EED40057DBB8 /* DetailsPresenter.swift in Sources */ = {isa = PBXBuildFile; fileRef = AAB648F825C8EED40057DBB8 /* DetailsPresenter.swift */; };
		AAB648FF25C8EED40057DBB8 /* DetailsWorker.swift in Sources */ = {isa = PBXBuildFile; fileRef = AAB648F925C8EED40057DBB8 /* DetailsWorker.swift */; };
		AAB6490025C8EED40057DBB8 /* DetailsRouter.swift in Sources */ = {isa = PBXBuildFile; fileRef = AAB648FA25C8EED40057DBB8 /* DetailsRouter.swift */; };
		AAB6490125C8EED40057DBB8 /* DetailsModels.swift in Sources */ = {isa = PBXBuildFile; fileRef = AAB648FB25C8EED40057DBB8 /* DetailsModels.swift */; };
		AAB6490225C8EED40057DBB8 /* DetailsViewController.swift in Sources */ = {isa = PBXBuildFile; fileRef = AAB648FC25C8EED40057DBB8 /* DetailsViewController.swift */; };
		AAB6490325C8EED40057DBB8 /* DetailsInteractor.swift in Sources */ = {isa = PBXBuildFile; fileRef = AAB648FD25C8EED40057DBB8 /* DetailsInteractor.swift */; };
		AAB6490625C8EEF60057DBB8 /* DetailsFactory.swift in Sources */ = {isa = PBXBuildFile; fileRef = AAB6490525C8EEF60057DBB8 /* DetailsFactory.swift */; };
		AAB6490925C8F1B20057DBB8 /* DetailsViewController.xib in Resources */ = {isa = PBXBuildFile; fileRef = AAB6490825C8F1B20057DBB8 /* DetailsViewController.xib */; };
/* End PBXBuildFile section */

/* Begin PBXFileReference section */
		352166FC48728D1F6BFD250B /* Pods_marvelHeroes.framework */ = {isa = PBXFileReference; explicitFileType = wrapper.framework; includeInIndex = 0; path = Pods_marvelHeroes.framework; sourceTree = BUILT_PRODUCTS_DIR; };
		AAB6480C25C74D840057DBB8 /* marvelHeroes.app */ = {isa = PBXFileReference; explicitFileType = wrapper.application; includeInIndex = 0; path = marvelHeroes.app; sourceTree = BUILT_PRODUCTS_DIR; };
		AAB6480F25C74D840057DBB8 /* AppDelegate.swift */ = {isa = PBXFileReference; lastKnownFileType = sourcecode.swift; path = AppDelegate.swift; sourceTree = "<group>"; };
		AAB6481125C74D840057DBB8 /* SceneDelegate.swift */ = {isa = PBXFileReference; lastKnownFileType = sourcecode.swift; path = SceneDelegate.swift; sourceTree = "<group>"; };
		AAB6481925C74D840057DBB8 /* marvelHeroes.xcdatamodel */ = {isa = PBXFileReference; lastKnownFileType = wrapper.xcdatamodel; path = marvelHeroes.xcdatamodel; sourceTree = "<group>"; };
		AAB6481B25C74D850057DBB8 /* Assets.xcassets */ = {isa = PBXFileReference; lastKnownFileType = folder.assetcatalog; path = Assets.xcassets; sourceTree = "<group>"; };
		AAB6481E25C74D850057DBB8 /* Base */ = {isa = PBXFileReference; lastKnownFileType = file.storyboard; name = Base; path = Base.lproj/LaunchScreen.storyboard; sourceTree = "<group>"; };
		AAB6482025C74D850057DBB8 /* Info.plist */ = {isa = PBXFileReference; lastKnownFileType = text.plist.xml; path = Info.plist; sourceTree = "<group>"; };
		AAB6483D25C75BE40057DBB8 /* CharactersPresenter.swift */ = {isa = PBXFileReference; lastKnownFileType = sourcecode.swift; path = CharactersPresenter.swift; sourceTree = "<group>"; };
		AAB6483E25C75BE40057DBB8 /* CharactersWorker.swift */ = {isa = PBXFileReference; lastKnownFileType = sourcecode.swift; path = CharactersWorker.swift; sourceTree = "<group>"; };
		AAB6483F25C75BE40057DBB8 /* CharactersRouter.swift */ = {isa = PBXFileReference; lastKnownFileType = sourcecode.swift; path = CharactersRouter.swift; sourceTree = "<group>"; };
		AAB6484025C75BE40057DBB8 /* CharactersModels.swift */ = {isa = PBXFileReference; lastKnownFileType = sourcecode.swift; path = CharactersModels.swift; sourceTree = "<group>"; };
		AAB6484125C75BE40057DBB8 /* CharactersViewController.swift */ = {isa = PBXFileReference; lastKnownFileType = sourcecode.swift; path = CharactersViewController.swift; sourceTree = "<group>"; };
		AAB6484225C75BE40057DBB8 /* CharactersInteractor.swift */ = {isa = PBXFileReference; lastKnownFileType = sourcecode.swift; path = CharactersInteractor.swift; sourceTree = "<group>"; };
		AAB6484B25C75C500057DBB8 /* CharactersFactory.swift */ = {isa = PBXFileReference; lastKnownFileType = sourcecode.swift; path = CharactersFactory.swift; sourceTree = "<group>"; };
		AAB6484F25C781340057DBB8 /* StorySummaryModel.swift */ = {isa = PBXFileReference; fileEncoding = 4; lastKnownFileType = sourcecode.swift; path = StorySummaryModel.swift; sourceTree = "<group>"; };
		AAB6485025C781340057DBB8 /* ComicsModel.swift */ = {isa = PBXFileReference; fileEncoding = 4; lastKnownFileType = sourcecode.swift; path = ComicsModel.swift; sourceTree = "<group>"; };
		AAB6485125C781340057DBB8 /* SeriesSummaryModel.swift */ = {isa = PBXFileReference; fileEncoding = 4; lastKnownFileType = sourcecode.swift; path = SeriesSummaryModel.swift; sourceTree = "<group>"; };
		AAB6485225C781340057DBB8 /* CharacterModel.swift */ = {isa = PBXFileReference; fileEncoding = 4; lastKnownFileType = sourcecode.swift; path = CharacterModel.swift; sourceTree = "<group>"; };
		AAB6485325C781340057DBB8 /* ComicSummaryModel.swift */ = {isa = PBXFileReference; fileEncoding = 4; lastKnownFileType = sourcecode.swift; path = ComicSummaryModel.swift; sourceTree = "<group>"; };
		AAB6485425C781340057DBB8 /* SeriesModel.swift */ = {isa = PBXFileReference; fileEncoding = 4; lastKnownFileType = sourcecode.swift; path = SeriesModel.swift; sourceTree = "<group>"; };
		AAB6485525C781340057DBB8 /* ThumbnailModel.swift */ = {isa = PBXFileReference; fileEncoding = 4; lastKnownFileType = sourcecode.swift; path = ThumbnailModel.swift; sourceTree = "<group>"; };
		AAB6485625C781340057DBB8 /* UrlsModel.swift */ = {isa = PBXFileReference; fileEncoding = 4; lastKnownFileType = sourcecode.swift; path = UrlsModel.swift; sourceTree = "<group>"; };
		AAB6485725C781340057DBB8 /* EventsModel.swift */ = {isa = PBXFileReference; fileEncoding = 4; lastKnownFileType = sourcecode.swift; path = EventsModel.swift; sourceTree = "<group>"; };
		AAB6485825C781340057DBB8 /* StoriesModel.swift */ = {isa = PBXFileReference; fileEncoding = 4; lastKnownFileType = sourcecode.swift; path = StoriesModel.swift; sourceTree = "<group>"; };
		AAB6487925C7A40C0057DBB8 /* CharactersAPI.swift */ = {isa = PBXFileReference; lastKnownFileType = sourcecode.swift; path = CharactersAPI.swift; sourceTree = "<group>"; };
		AAB6487D25C7A4340057DBB8 /* CharactersNetworkManager.swift */ = {isa = PBXFileReference; lastKnownFileType = sourcecode.swift; path = CharactersNetworkManager.swift; sourceTree = "<group>"; };
		AAB6488325C7AB400057DBB8 /* RESTRequest.swift */ = {isa = PBXFileReference; lastKnownFileType = sourcecode.swift; path = RESTRequest.swift; sourceTree = "<group>"; };
		AAB6488725C7AB4C0057DBB8 /* RESTService.swift */ = {isa = PBXFileReference; lastKnownFileType = sourcecode.swift; path = RESTService.swift; sourceTree = "<group>"; };
		AAB6488A25C7AB6B0057DBB8 /* RESTErrors.swift */ = {isa = PBXFileReference; lastKnownFileType = sourcecode.swift; path = RESTErrors.swift; sourceTree = "<group>"; };
		AAB6488D25C7AB7A0057DBB8 /* HTTPMethod.swift */ = {isa = PBXFileReference; lastKnownFileType = sourcecode.swift; path = HTTPMethod.swift; sourceTree = "<group>"; };
		AAB6489325C7C27E0057DBB8 /* CharacterDataWrapperModel.swift */ = {isa = PBXFileReference; lastKnownFileType = sourcecode.swift; path = CharacterDataWrapperModel.swift; sourceTree = "<group>"; };
		AAB6489625C7C3590057DBB8 /* CharacterDataContainerModel.swift */ = {isa = PBXFileReference; lastKnownFileType = sourcecode.swift; path = CharacterDataContainerModel.swift; sourceTree = "<group>"; };
		AAB6489A25C7CC690057DBB8 /* MD5.swift */ = {isa = PBXFileReference; lastKnownFileType = sourcecode.swift; path = MD5.swift; sourceTree = "<group>"; };
		AAB6489E25C7CC890057DBB8 /* Timestamp.swift */ = {isa = PBXFileReference; lastKnownFileType = sourcecode.swift; path = Timestamp.swift; sourceTree = "<group>"; };
		AAB648A225C7D1E30057DBB8 /* ErrorConstants.swift */ = {isa = PBXFileReference; lastKnownFileType = sourcecode.swift; path = ErrorConstants.swift; sourceTree = "<group>"; };
		AAB648A925C7D92F0057DBB8 /* EventSummaryModel.swift */ = {isa = PBXFileReference; lastKnownFileType = sourcecode.swift; path = EventSummaryModel.swift; sourceTree = "<group>"; };
		AAB648AE25C7DA7A0057DBB8 /* LoadingView.swift */ = {isa = PBXFileReference; lastKnownFileType = sourcecode.swift; path = LoadingView.swift; sourceTree = "<group>"; };
		AAB648B225C7DB700057DBB8 /* AlertView.swift */ = {isa = PBXFileReference; lastKnownFileType = sourcecode.swift; path = AlertView.swift; sourceTree = "<group>"; };
		AAB648B625C833990057DBB8 /* CoreDataManager.swift */ = {isa = PBXFileReference; lastKnownFileType = sourcecode.swift; path = CoreDataManager.swift; sourceTree = "<group>"; };
		AAB648BA25C8360E0057DBB8 /* FavoriteContextualAction.swift */ = {isa = PBXFileReference; lastKnownFileType = sourcecode.swift; path = FavoriteContextualAction.swift; sourceTree = "<group>"; };
		AAB648BE25C849E40057DBB8 /* MainTabBarController.swift */ = {isa = PBXFileReference; lastKnownFileType = sourcecode.swift; path = MainTabBarController.swift; sourceTree = "<group>"; };
		AAB648E025C89FA10057DBB8 /* FavoritesPresenter.swift */ = {isa = PBXFileReference; lastKnownFileType = sourcecode.swift; path = FavoritesPresenter.swift; sourceTree = "<group>"; };
		AAB648E125C89FA10057DBB8 /* FavoritesWorker.swift */ = {isa = PBXFileReference; lastKnownFileType = sourcecode.swift; path = FavoritesWorker.swift; sourceTree = "<group>"; };
		AAB648E225C89FA10057DBB8 /* FavoritesRouter.swift */ = {isa = PBXFileReference; lastKnownFileType = sourcecode.swift; path = FavoritesRouter.swift; sourceTree = "<group>"; };
		AAB648E325C89FA10057DBB8 /* FavoritesModels.swift */ = {isa = PBXFileReference; lastKnownFileType = sourcecode.swift; path = FavoritesModels.swift; sourceTree = "<group>"; };
		AAB648E425C89FA10057DBB8 /* FavoritesViewController.swift */ = {isa = PBXFileReference; lastKnownFileType = sourcecode.swift; path = FavoritesViewController.swift; sourceTree = "<group>"; };
		AAB648E525C89FA10057DBB8 /* FavoritesInteractor.swift */ = {isa = PBXFileReference; lastKnownFileType = sourcecode.swift; path = FavoritesInteractor.swift; sourceTree = "<group>"; };
		AAB648ED25C89FAD0057DBB8 /* FavoritesFactory.swift */ = {isa = PBXFileReference; lastKnownFileType = sourcecode.swift; path = FavoritesFactory.swift; sourceTree = "<group>"; };
		AAB648F025C8A62A0057DBB8 /* deadpool.json */ = {isa = PBXFileReference; fileEncoding = 4; lastKnownFileType = text.json; path = deadpool.json; sourceTree = "<group>"; };
		AAB648F825C8EED40057DBB8 /* DetailsPresenter.swift */ = {isa = PBXFileReference; lastKnownFileType = sourcecode.swift; path = DetailsPresenter.swift; sourceTree = "<group>"; };
		AAB648F925C8EED40057DBB8 /* DetailsWorker.swift */ = {isa = PBXFileReference; lastKnownFileType = sourcecode.swift; path = DetailsWorker.swift; sourceTree = "<group>"; };
		AAB648FA25C8EED40057DBB8 /* DetailsRouter.swift */ = {isa = PBXFileReference; lastKnownFileType = sourcecode.swift; path = DetailsRouter.swift; sourceTree = "<group>"; };
		AAB648FB25C8EED40057DBB8 /* DetailsModels.swift */ = {isa = PBXFileReference; lastKnownFileType = sourcecode.swift; path = DetailsModels.swift; sourceTree = "<group>"; };
		AAB648FC25C8EED40057DBB8 /* DetailsViewController.swift */ = {isa = PBXFileReference; lastKnownFileType = sourcecode.swift; path = DetailsViewController.swift; sourceTree = "<group>"; };
		AAB648FD25C8EED40057DBB8 /* DetailsInteractor.swift */ = {isa = PBXFileReference; lastKnownFileType = sourcecode.swift; path = DetailsInteractor.swift; sourceTree = "<group>"; };
		AAB6490525C8EEF60057DBB8 /* DetailsFactory.swift */ = {isa = PBXFileReference; lastKnownFileType = sourcecode.swift; path = DetailsFactory.swift; sourceTree = "<group>"; };
		AAB6490825C8F1B20057DBB8 /* DetailsViewController.xib */ = {isa = PBXFileReference; lastKnownFileType = file.xib; path = DetailsViewController.xib; sourceTree = "<group>"; };
		D11530C0837979371A82C064 /* Pods-marvelHeroes.release.xcconfig */ = {isa = PBXFileReference; includeInIndex = 1; lastKnownFileType = text.xcconfig; name = "Pods-marvelHeroes.release.xcconfig"; path = "Target Support Files/Pods-marvelHeroes/Pods-marvelHeroes.release.xcconfig"; sourceTree = "<group>"; };
		E285BB90AEE2C965DF9B41A9 /* Pods-marvelHeroes.debug.xcconfig */ = {isa = PBXFileReference; includeInIndex = 1; lastKnownFileType = text.xcconfig; name = "Pods-marvelHeroes.debug.xcconfig"; path = "Target Support Files/Pods-marvelHeroes/Pods-marvelHeroes.debug.xcconfig"; sourceTree = "<group>"; };
/* End PBXFileReference section */

/* Begin PBXFrameworksBuildPhase section */
		AAB6480925C74D840057DBB8 /* Frameworks */ = {
			isa = PBXFrameworksBuildPhase;
			buildActionMask = 2147483647;
			files = (
				9F18437132F94B97399D51F0 /* Pods_marvelHeroes.framework in Frameworks */,
			);
			runOnlyForDeploymentPostprocessing = 0;
		};
/* End PBXFrameworksBuildPhase section */

/* Begin PBXGroup section */
		72509F90BE0162F244BB5A83 /* Frameworks */ = {
			isa = PBXGroup;
			children = (
				352166FC48728D1F6BFD250B /* Pods_marvelHeroes.framework */,
			);
			name = Frameworks;
			sourceTree = "<group>";
		};
		7E9BE88507EDCBE89EE72319 /* Pods */ = {
			isa = PBXGroup;
			children = (
				E285BB90AEE2C965DF9B41A9 /* Pods-marvelHeroes.debug.xcconfig */,
				D11530C0837979371A82C064 /* Pods-marvelHeroes.release.xcconfig */,
			);
			path = Pods;
			sourceTree = "<group>";
		};
		AAB6480325C74D840057DBB8 = {
			isa = PBXGroup;
			children = (
				AAB6480E25C74D840057DBB8 /* marvelHeroes */,
				AAB6480D25C74D840057DBB8 /* Products */,
				7E9BE88507EDCBE89EE72319 /* Pods */,
				72509F90BE0162F244BB5A83 /* Frameworks */,
			);
			sourceTree = "<group>";
		};
		AAB6480D25C74D840057DBB8 /* Products */ = {
			isa = PBXGroup;
			children = (
				AAB6480C25C74D840057DBB8 /* marvelHeroes.app */,
			);
			name = Products;
			sourceTree = "<group>";
		};
		AAB6480E25C74D840057DBB8 /* marvelHeroes */ = {
			isa = PBXGroup;
			children = (
				AAB6488025C7AADC0057DBB8 /* Public */,
				AAB6487525C789E80057DBB8 /* Assets */,
				AAB6482725C752300057DBB8 /* Scenes */,
				AAB6487425C789A20057DBB8 /* Base */,
				AAB6481825C74D840057DBB8 /* marvelHeroes.xcdatamodeld */,
			);
			path = marvelHeroes;
			sourceTree = "<group>";
		};
		AAB6482725C752300057DBB8 /* Scenes */ = {
			isa = PBXGroup;
			children = (
				AAB648F725C8B7630057DBB8 /* Details */,
				AAB648BD25C849C50057DBB8 /* MainTabbar */,
				AAB6483C25C75BC70057DBB8 /* Characters */,
				AAB648C925C89CC50057DBB8 /* Favorites */,
			);
			path = Scenes;
			sourceTree = "<group>";
		};
		AAB6483C25C75BC70057DBB8 /* Characters */ = {
			isa = PBXGroup;
			children = (
				AAB6487825C7A3F10057DBB8 /* Manager */,
				AAB6484E25C7811B0057DBB8 /* Models */,
				AAB6483D25C75BE40057DBB8 /* CharactersPresenter.swift */,
				AAB6483E25C75BE40057DBB8 /* CharactersWorker.swift */,
				AAB6483F25C75BE40057DBB8 /* CharactersRouter.swift */,
				AAB6484025C75BE40057DBB8 /* CharactersModels.swift */,
				AAB6484125C75BE40057DBB8 /* CharactersViewController.swift */,
				AAB6484225C75BE40057DBB8 /* CharactersInteractor.swift */,
				AAB6484B25C75C500057DBB8 /* CharactersFactory.swift */,
			);
			path = Characters;
			sourceTree = "<group>";
		};
		AAB6484E25C7811B0057DBB8 /* Models */ = {
			isa = PBXGroup;
			children = (
				AAB6485225C781340057DBB8 /* CharacterModel.swift */,
				AAB6485025C781340057DBB8 /* ComicsModel.swift */,
				AAB6485325C781340057DBB8 /* ComicSummaryModel.swift */,
				AAB6485725C781340057DBB8 /* EventsModel.swift */,
				AAB648A925C7D92F0057DBB8 /* EventSummaryModel.swift */,
				AAB6485425C781340057DBB8 /* SeriesModel.swift */,
				AAB6485125C781340057DBB8 /* SeriesSummaryModel.swift */,
				AAB6485825C781340057DBB8 /* StoriesModel.swift */,
				AAB6484F25C781340057DBB8 /* StorySummaryModel.swift */,
				AAB6485525C781340057DBB8 /* ThumbnailModel.swift */,
				AAB6485625C781340057DBB8 /* UrlsModel.swift */,
				AAB6489325C7C27E0057DBB8 /* CharacterDataWrapperModel.swift */,
				AAB6489625C7C3590057DBB8 /* CharacterDataContainerModel.swift */,
			);
			path = Models;
			sourceTree = "<group>";
		};
		AAB6487425C789A20057DBB8 /* Base */ = {
			isa = PBXGroup;
			children = (
				AAB6480F25C74D840057DBB8 /* AppDelegate.swift */,
				AAB6481125C74D840057DBB8 /* SceneDelegate.swift */,
				AAB6481D25C74D850057DBB8 /* LaunchScreen.storyboard */,
				AAB6482025C74D850057DBB8 /* Info.plist */,
			);
			path = Base;
			sourceTree = "<group>";
		};
		AAB6487525C789E80057DBB8 /* Assets */ = {
			isa = PBXGroup;
			children = (
				AAB6481B25C74D850057DBB8 /* Assets.xcassets */,
				AAB648F025C8A62A0057DBB8 /* deadpool.json */,
			);
			path = Assets;
			sourceTree = "<group>";
		};
		AAB6487825C7A3F10057DBB8 /* Manager */ = {
			isa = PBXGroup;
			children = (
				AAB6487925C7A40C0057DBB8 /* CharactersAPI.swift */,
				AAB6487D25C7A4340057DBB8 /* CharactersNetworkManager.swift */,
			);
			path = Manager;
			sourceTree = "<group>";
		};
		AAB6488025C7AADC0057DBB8 /* Public */ = {
			isa = PBXGroup;
			children = (
				AAB648AD25C7DA6F0057DBB8 /* Components */,
				AAB648A125C7D1D60057DBB8 /* Constants */,
				AAB6489925C7CC4F0057DBB8 /* Utils */,
				AAB6488125C7AB140057DBB8 /* Modules */,
			);
			path = Public;
			sourceTree = "<group>";
		};
		AAB6488125C7AB140057DBB8 /* Modules */ = {
			isa = PBXGroup;
			children = (
				AAB648B525C832B00057DBB8 /* FavoriteDAO */,
				AAB6488225C7AB200057DBB8 /* RestServices */,
			);
			path = Modules;
			sourceTree = "<group>";
		};
		AAB6488225C7AB200057DBB8 /* RestServices */ = {
			isa = PBXGroup;
			children = (
				AAB6488325C7AB400057DBB8 /* RESTRequest.swift */,
				AAB6488725C7AB4C0057DBB8 /* RESTService.swift */,
				AAB6488A25C7AB6B0057DBB8 /* RESTErrors.swift */,
				AAB6488D25C7AB7A0057DBB8 /* HTTPMethod.swift */,
			);
			path = RestServices;
			sourceTree = "<group>";
		};
		AAB6489925C7CC4F0057DBB8 /* Utils */ = {
			isa = PBXGroup;
			children = (
				AAB6489A25C7CC690057DBB8 /* MD5.swift */,
				AAB6489E25C7CC890057DBB8 /* Timestamp.swift */,
			);
			path = Utils;
			sourceTree = "<group>";
		};
		AAB648A125C7D1D60057DBB8 /* Constants */ = {
			isa = PBXGroup;
			children = (
				AAB648A225C7D1E30057DBB8 /* ErrorConstants.swift */,
			);
			path = Constants;
			sourceTree = "<group>";
		};
		AAB648AD25C7DA6F0057DBB8 /* Components */ = {
			isa = PBXGroup;
			children = (
				AAB648AE25C7DA7A0057DBB8 /* LoadingView.swift */,
				AAB648B225C7DB700057DBB8 /* AlertView.swift */,
				AAB648BA25C8360E0057DBB8 /* FavoriteContextualAction.swift */,
			);
			path = Components;
			sourceTree = "<group>";
		};
		AAB648B525C832B00057DBB8 /* FavoriteDAO */ = {
			isa = PBXGroup;
			children = (
				AAB648B625C833990057DBB8 /* CoreDataManager.swift */,
			);
			path = FavoriteDAO;
			sourceTree = "<group>";
		};
		AAB648BD25C849C50057DBB8 /* MainTabbar */ = {
			isa = PBXGroup;
			children = (
				AAB648BE25C849E40057DBB8 /* MainTabBarController.swift */,
			);
			path = MainTabbar;
			sourceTree = "<group>";
		};
		AAB648C925C89CC50057DBB8 /* Favorites */ = {
			isa = PBXGroup;
			children = (
				AAB648E025C89FA10057DBB8 /* FavoritesPresenter.swift */,
				AAB648E125C89FA10057DBB8 /* FavoritesWorker.swift */,
				AAB648E225C89FA10057DBB8 /* FavoritesRouter.swift */,
				AAB648E325C89FA10057DBB8 /* FavoritesModels.swift */,
				AAB648E425C89FA10057DBB8 /* FavoritesViewController.swift */,
				AAB648E525C89FA10057DBB8 /* FavoritesInteractor.swift */,
				AAB648ED25C89FAD0057DBB8 /* FavoritesFactory.swift */,
			);
			path = Favorites;
			sourceTree = "<group>";
		};
		AAB648F725C8B7630057DBB8 /* Details */ = {
			isa = PBXGroup;
			children = (
				AAB648F825C8EED40057DBB8 /* DetailsPresenter.swift */,
				AAB648F925C8EED40057DBB8 /* DetailsWorker.swift */,
				AAB648FA25C8EED40057DBB8 /* DetailsRouter.swift */,
				AAB648FB25C8EED40057DBB8 /* DetailsModels.swift */,
				AAB648FC25C8EED40057DBB8 /* DetailsViewController.swift */,
				AAB648FD25C8EED40057DBB8 /* DetailsInteractor.swift */,
				AAB6490525C8EEF60057DBB8 /* DetailsFactory.swift */,
				AAB6490825C8F1B20057DBB8 /* DetailsViewController.xib */,
			);
			path = Details;
			sourceTree = "<group>";
		};
/* End PBXGroup section */

/* Begin PBXNativeTarget section */
		AAB6480B25C74D840057DBB8 /* marvelHeroes */ = {
			isa = PBXNativeTarget;
			buildConfigurationList = AAB6482325C74D850057DBB8 /* Build configuration list for PBXNativeTarget "marvelHeroes" */;
			buildPhases = (
				B40CFB0D5FE6C2DCA034AA75 /* [CP] Check Pods Manifest.lock */,
				AAB6480825C74D840057DBB8 /* Sources */,
				AAB6480925C74D840057DBB8 /* Frameworks */,
				AAB6480A25C74D840057DBB8 /* Resources */,
				35304791F02772648070ED65 /* [CP] Embed Pods Frameworks */,
			);
			buildRules = (
			);
			dependencies = (
			);
			name = marvelHeroes;
			productName = marvelHeroes;
			productReference = AAB6480C25C74D840057DBB8 /* marvelHeroes.app */;
			productType = "com.apple.product-type.application";
		};
/* End PBXNativeTarget section */

/* Begin PBXProject section */
		AAB6480425C74D840057DBB8 /* Project object */ = {
			isa = PBXProject;
			attributes = {
				LastSwiftUpdateCheck = 1230;
				LastUpgradeCheck = 1230;
				TargetAttributes = {
					AAB6480B25C74D840057DBB8 = {
						CreatedOnToolsVersion = 12.3;
					};
				};
			};
			buildConfigurationList = AAB6480725C74D840057DBB8 /* Build configuration list for PBXProject "marvelHeroes" */;
			compatibilityVersion = "Xcode 9.3";
			developmentRegion = en;
			hasScannedForEncodings = 0;
			knownRegions = (
				en,
				Base,
			);
			mainGroup = AAB6480325C74D840057DBB8;
			productRefGroup = AAB6480D25C74D840057DBB8 /* Products */;
			projectDirPath = "";
			projectRoot = "";
			targets = (
				AAB6480B25C74D840057DBB8 /* marvelHeroes */,
			);
		};
/* End PBXProject section */

/* Begin PBXResourcesBuildPhase section */
		AAB6480A25C74D840057DBB8 /* Resources */ = {
			isa = PBXResourcesBuildPhase;
			buildActionMask = 2147483647;
			files = (
				AAB648F125C8A62A0057DBB8 /* deadpool.json in Resources */,
				AAB6481F25C74D850057DBB8 /* LaunchScreen.storyboard in Resources */,
				AAB6481C25C74D850057DBB8 /* Assets.xcassets in Resources */,
				AAB6490925C8F1B20057DBB8 /* DetailsViewController.xib in Resources */,
			);
			runOnlyForDeploymentPostprocessing = 0;
		};
/* End PBXResourcesBuildPhase section */

/* Begin PBXShellScriptBuildPhase section */
		35304791F02772648070ED65 /* [CP] Embed Pods Frameworks */ = {
			isa = PBXShellScriptBuildPhase;
			buildActionMask = 2147483647;
			files = (
			);
			inputFileListPaths = (
				"${PODS_ROOT}/Target Support Files/Pods-marvelHeroes/Pods-marvelHeroes-frameworks-${CONFIGURATION}-input-files.xcfilelist",
			);
			name = "[CP] Embed Pods Frameworks";
			outputFileListPaths = (
				"${PODS_ROOT}/Target Support Files/Pods-marvelHeroes/Pods-marvelHeroes-frameworks-${CONFIGURATION}-output-files.xcfilelist",
			);
			runOnlyForDeploymentPostprocessing = 0;
			shellPath = /bin/sh;
			shellScript = "\"${PODS_ROOT}/Target Support Files/Pods-marvelHeroes/Pods-marvelHeroes-frameworks.sh\"\n";
			showEnvVarsInLog = 0;
		};
		B40CFB0D5FE6C2DCA034AA75 /* [CP] Check Pods Manifest.lock */ = {
			isa = PBXShellScriptBuildPhase;
			buildActionMask = 2147483647;
			files = (
			);
			inputFileListPaths = (
			);
			inputPaths = (
				"${PODS_PODFILE_DIR_PATH}/Podfile.lock",
				"${PODS_ROOT}/Manifest.lock",
			);
			name = "[CP] Check Pods Manifest.lock";
			outputFileListPaths = (
			);
			outputPaths = (
				"$(DERIVED_FILE_DIR)/Pods-marvelHeroes-checkManifestLockResult.txt",
			);
			runOnlyForDeploymentPostprocessing = 0;
			shellPath = /bin/sh;
			shellScript = "diff \"${PODS_PODFILE_DIR_PATH}/Podfile.lock\" \"${PODS_ROOT}/Manifest.lock\" > /dev/null\nif [ $? != 0 ] ; then\n    # print error to STDERR\n    echo \"error: The sandbox is not in sync with the Podfile.lock. Run 'pod install' or update your CocoaPods installation.\" >&2\n    exit 1\nfi\n# This output is used by Xcode 'outputs' to avoid re-running this script phase.\necho \"SUCCESS\" > \"${SCRIPT_OUTPUT_FILE_0}\"\n";
			showEnvVarsInLog = 0;
		};
/* End PBXShellScriptBuildPhase section */

/* Begin PBXSourcesBuildPhase section */
		AAB6480825C74D840057DBB8 /* Sources */ = {
			isa = PBXSourcesBuildPhase;
			buildActionMask = 2147483647;
			files = (
				AAB6485A25C781340057DBB8 /* ComicsModel.swift in Sources */,
				AAB648E725C89FA10057DBB8 /* FavoritesWorker.swift in Sources */,
				AAB6489725C7C3590057DBB8 /* CharacterDataContainerModel.swift in Sources */,
				AAB6489B25C7CC690057DBB8 /* MD5.swift in Sources */,
				AAB6484425C75BE40057DBB8 /* CharactersWorker.swift in Sources */,
				AAB6484325C75BE40057DBB8 /* CharactersPresenter.swift in Sources */,
				AAB6490625C8EEF60057DBB8 /* DetailsFactory.swift in Sources */,
				AAB6486125C781340057DBB8 /* EventsModel.swift in Sources */,
				AAB648BB25C8360E0057DBB8 /* FavoriteContextualAction.swift in Sources */,
				AAB6489F25C7CC890057DBB8 /* Timestamp.swift in Sources */,
				AAB6485B25C781340057DBB8 /* SeriesSummaryModel.swift in Sources */,
				AAB6486225C781340057DBB8 /* StoriesModel.swift in Sources */,
				AAB6490225C8EED40057DBB8 /* DetailsViewController.swift in Sources */,
				AAB6486025C781340057DBB8 /* UrlsModel.swift in Sources */,
				AAB648BF25C849E40057DBB8 /* MainTabBarController.swift in Sources */,
				AAB6481025C74D840057DBB8 /* AppDelegate.swift in Sources */,
				AAB6484C25C75C500057DBB8 /* CharactersFactory.swift in Sources */,
				AAB6489425C7C27E0057DBB8 /* CharacterDataWrapperModel.swift in Sources */,
				AAB648EB25C89FA10057DBB8 /* FavoritesInteractor.swift in Sources */,
				AAB648FE25C8EED40057DBB8 /* DetailsPresenter.swift in Sources */,
				AAB648EA25C89FA10057DBB8 /* FavoritesViewController.swift in Sources */,
				AAB6484825C75BE40057DBB8 /* CharactersInteractor.swift in Sources */,
				AAB648AF25C7DA7A0057DBB8 /* LoadingView.swift in Sources */,
				AAB6488E25C7AB7A0057DBB8 /* HTTPMethod.swift in Sources */,
				AAB6485C25C781340057DBB8 /* CharacterModel.swift in Sources */,
				AAB648E825C89FA10057DBB8 /* FavoritesRouter.swift in Sources */,
				AAB6490325C8EED40057DBB8 /* DetailsInteractor.swift in Sources */,
				AAB6490125C8EED40057DBB8 /* DetailsModels.swift in Sources */,
				AAB6488825C7AB4C0057DBB8 /* RESTService.swift in Sources */,
				AAB648EE25C89FAD0057DBB8 /* FavoritesFactory.swift in Sources */,
				AAB6487A25C7A40C0057DBB8 /* CharactersAPI.swift in Sources */,
				AAB648A325C7D1E30057DBB8 /* ErrorConstants.swift in Sources */,
				AAB648E625C89FA10057DBB8 /* FavoritesPresenter.swift in Sources */,
				AAB648AA25C7D92F0057DBB8 /* EventSummaryModel.swift in Sources */,
				AAB6485925C781340057DBB8 /* StorySummaryModel.swift in Sources */,
				AAB6481A25C74D840057DBB8 /* marvelHeroes.xcdatamodeld in Sources */,
				AAB6485E25C781340057DBB8 /* SeriesModel.swift in Sources */,
				AAB6484625C75BE40057DBB8 /* CharactersModels.swift in Sources */,
				AAB6488B25C7AB6B0057DBB8 /* RESTErrors.swift in Sources */,
				AAB6484525C75BE40057DBB8 /* CharactersRouter.swift in Sources */,
				AAB648FF25C8EED40057DBB8 /* DetailsWorker.swift in Sources */,
				AAB6485F25C781340057DBB8 /* ThumbnailModel.swift in Sources */,
				AAB648E925C89FA10057DBB8 /* FavoritesModels.swift in Sources */,
				AAB6488425C7AB400057DBB8 /* RESTRequest.swift in Sources */,
				AAB6481225C74D840057DBB8 /* SceneDelegate.swift in Sources */,
				AAB6484725C75BE40057DBB8 /* CharactersViewController.swift in Sources */,
				AAB6487E25C7A4340057DBB8 /* CharactersNetworkManager.swift in Sources */,
				AAB6485D25C781340057DBB8 /* ComicSummaryModel.swift in Sources */,
				AAB648B725C833990057DBB8 /* CoreDataManager.swift in Sources */,
				AAB6490025C8EED40057DBB8 /* DetailsRouter.swift in Sources */,
				AAB648B325C7DB700057DBB8 /* AlertView.swift in Sources */,
			);
			runOnlyForDeploymentPostprocessing = 0;
		};
/* End PBXSourcesBuildPhase section */

/* Begin PBXVariantGroup section */
		AAB6481D25C74D850057DBB8 /* LaunchScreen.storyboard */ = {
			isa = PBXVariantGroup;
			children = (
				AAB6481E25C74D850057DBB8 /* Base */,
			);
			name = LaunchScreen.storyboard;
			sourceTree = "<group>";
		};
/* End PBXVariantGroup section */

/* Begin XCBuildConfiguration section */
		AAB6482125C74D850057DBB8 /* Debug */ = {
			isa = XCBuildConfiguration;
			buildSettings = {
				ALWAYS_SEARCH_USER_PATHS = NO;
				CLANG_ANALYZER_NONNULL = YES;
				CLANG_ANALYZER_NUMBER_OBJECT_CONVERSION = YES_AGGRESSIVE;
				CLANG_CXX_LANGUAGE_STANDARD = "gnu++14";
				CLANG_CXX_LIBRARY = "libc++";
				CLANG_ENABLE_MODULES = YES;
				CLANG_ENABLE_OBJC_ARC = YES;
				CLANG_ENABLE_OBJC_WEAK = YES;
				CLANG_WARN_BLOCK_CAPTURE_AUTORELEASING = YES;
				CLANG_WARN_BOOL_CONVERSION = YES;
				CLANG_WARN_COMMA = YES;
				CLANG_WARN_CONSTANT_CONVERSION = YES;
				CLANG_WARN_DEPRECATED_OBJC_IMPLEMENTATIONS = YES;
				CLANG_WARN_DIRECT_OBJC_ISA_USAGE = YES_ERROR;
				CLANG_WARN_DOCUMENTATION_COMMENTS = YES;
				CLANG_WARN_EMPTY_BODY = YES;
				CLANG_WARN_ENUM_CONVERSION = YES;
				CLANG_WARN_INFINITE_RECURSION = YES;
				CLANG_WARN_INT_CONVERSION = YES;
				CLANG_WARN_NON_LITERAL_NULL_CONVERSION = YES;
				CLANG_WARN_OBJC_IMPLICIT_RETAIN_SELF = YES;
				CLANG_WARN_OBJC_LITERAL_CONVERSION = YES;
				CLANG_WARN_OBJC_ROOT_CLASS = YES_ERROR;
				CLANG_WARN_QUOTED_INCLUDE_IN_FRAMEWORK_HEADER = YES;
				CLANG_WARN_RANGE_LOOP_ANALYSIS = YES;
				CLANG_WARN_STRICT_PROTOTYPES = YES;
				CLANG_WARN_SUSPICIOUS_MOVE = YES;
				CLANG_WARN_UNGUARDED_AVAILABILITY = YES_AGGRESSIVE;
				CLANG_WARN_UNREACHABLE_CODE = YES;
				CLANG_WARN__DUPLICATE_METHOD_MATCH = YES;
				COPY_PHASE_STRIP = NO;
				DEBUG_INFORMATION_FORMAT = dwarf;
				ENABLE_STRICT_OBJC_MSGSEND = YES;
				ENABLE_TESTABILITY = YES;
				GCC_C_LANGUAGE_STANDARD = gnu11;
				GCC_DYNAMIC_NO_PIC = NO;
				GCC_NO_COMMON_BLOCKS = YES;
				GCC_OPTIMIZATION_LEVEL = 0;
				GCC_PREPROCESSOR_DEFINITIONS = (
					"DEBUG=1",
					"$(inherited)",
				);
				GCC_WARN_64_TO_32_BIT_CONVERSION = YES;
				GCC_WARN_ABOUT_RETURN_TYPE = YES_ERROR;
				GCC_WARN_UNDECLARED_SELECTOR = YES;
				GCC_WARN_UNINITIALIZED_AUTOS = YES_AGGRESSIVE;
				GCC_WARN_UNUSED_FUNCTION = YES;
				GCC_WARN_UNUSED_VARIABLE = YES;
				IPHONEOS_DEPLOYMENT_TARGET = 14.3;
				MTL_ENABLE_DEBUG_INFO = INCLUDE_SOURCE;
				MTL_FAST_MATH = YES;
				ONLY_ACTIVE_ARCH = YES;
				SDKROOT = iphoneos;
				SWIFT_ACTIVE_COMPILATION_CONDITIONS = DEBUG;
				SWIFT_OPTIMIZATION_LEVEL = "-Onone";
			};
			name = Debug;
		};
		AAB6482225C74D850057DBB8 /* Release */ = {
			isa = XCBuildConfiguration;
			buildSettings = {
				ALWAYS_SEARCH_USER_PATHS = NO;
				CLANG_ANALYZER_NONNULL = YES;
				CLANG_ANALYZER_NUMBER_OBJECT_CONVERSION = YES_AGGRESSIVE;
				CLANG_CXX_LANGUAGE_STANDARD = "gnu++14";
				CLANG_CXX_LIBRARY = "libc++";
				CLANG_ENABLE_MODULES = YES;
				CLANG_ENABLE_OBJC_ARC = YES;
				CLANG_ENABLE_OBJC_WEAK = YES;
				CLANG_WARN_BLOCK_CAPTURE_AUTORELEASING = YES;
				CLANG_WARN_BOOL_CONVERSION = YES;
				CLANG_WARN_COMMA = YES;
				CLANG_WARN_CONSTANT_CONVERSION = YES;
				CLANG_WARN_DEPRECATED_OBJC_IMPLEMENTATIONS = YES;
				CLANG_WARN_DIRECT_OBJC_ISA_USAGE = YES_ERROR;
				CLANG_WARN_DOCUMENTATION_COMMENTS = YES;
				CLANG_WARN_EMPTY_BODY = YES;
				CLANG_WARN_ENUM_CONVERSION = YES;
				CLANG_WARN_INFINITE_RECURSION = YES;
				CLANG_WARN_INT_CONVERSION = YES;
				CLANG_WARN_NON_LITERAL_NULL_CONVERSION = YES;
				CLANG_WARN_OBJC_IMPLICIT_RETAIN_SELF = YES;
				CLANG_WARN_OBJC_LITERAL_CONVERSION = YES;
				CLANG_WARN_OBJC_ROOT_CLASS = YES_ERROR;
				CLANG_WARN_QUOTED_INCLUDE_IN_FRAMEWORK_HEADER = YES;
				CLANG_WARN_RANGE_LOOP_ANALYSIS = YES;
				CLANG_WARN_STRICT_PROTOTYPES = YES;
				CLANG_WARN_SUSPICIOUS_MOVE = YES;
				CLANG_WARN_UNGUARDED_AVAILABILITY = YES_AGGRESSIVE;
				CLANG_WARN_UNREACHABLE_CODE = YES;
				CLANG_WARN__DUPLICATE_METHOD_MATCH = YES;
				COPY_PHASE_STRIP = NO;
				DEBUG_INFORMATION_FORMAT = "dwarf-with-dsym";
				ENABLE_NS_ASSERTIONS = NO;
				ENABLE_STRICT_OBJC_MSGSEND = YES;
				GCC_C_LANGUAGE_STANDARD = gnu11;
				GCC_NO_COMMON_BLOCKS = YES;
				GCC_WARN_64_TO_32_BIT_CONVERSION = YES;
				GCC_WARN_ABOUT_RETURN_TYPE = YES_ERROR;
				GCC_WARN_UNDECLARED_SELECTOR = YES;
				GCC_WARN_UNINITIALIZED_AUTOS = YES_AGGRESSIVE;
				GCC_WARN_UNUSED_FUNCTION = YES;
				GCC_WARN_UNUSED_VARIABLE = YES;
				IPHONEOS_DEPLOYMENT_TARGET = 14.3;
				MTL_ENABLE_DEBUG_INFO = NO;
				MTL_FAST_MATH = YES;
				SDKROOT = iphoneos;
				SWIFT_COMPILATION_MODE = wholemodule;
				SWIFT_OPTIMIZATION_LEVEL = "-O";
				VALIDATE_PRODUCT = YES;
			};
			name = Release;
		};
		AAB6482425C74D850057DBB8 /* Debug */ = {
			isa = XCBuildConfiguration;
			baseConfigurationReference = E285BB90AEE2C965DF9B41A9 /* Pods-marvelHeroes.debug.xcconfig */;
			buildSettings = {
				ASSETCATALOG_COMPILER_APPICON_NAME = AppIcon;
				ASSETCATALOG_COMPILER_GLOBAL_ACCENT_COLOR_NAME = AccentColor;
				CODE_SIGN_STYLE = Automatic;
				DEVELOPMENT_TEAM = 9GP3MC4W78;
				INFOPLIST_FILE = marvelHeroes/Base/Info.plist;
				LD_RUNPATH_SEARCH_PATHS = (
					"$(inherited)",
					"@executable_path/Frameworks",
				);
				PRODUCT_BUNDLE_IDENTIFIER = com.rodrigo.conte.marvelHeroes;
				PRODUCT_NAME = "$(TARGET_NAME)";
				SWIFT_VERSION = 5.0;
				TARGETED_DEVICE_FAMILY = "1,2";
			};
			name = Debug;
		};
		AAB6482525C74D850057DBB8 /* Release */ = {
			isa = XCBuildConfiguration;
			baseConfigurationReference = D11530C0837979371A82C064 /* Pods-marvelHeroes.release.xcconfig */;
			buildSettings = {
				ASSETCATALOG_COMPILER_APPICON_NAME = AppIcon;
				ASSETCATALOG_COMPILER_GLOBAL_ACCENT_COLOR_NAME = AccentColor;
				CODE_SIGN_STYLE = Automatic;
				DEVELOPMENT_TEAM = 9GP3MC4W78;
				INFOPLIST_FILE = marvelHeroes/Base/Info.plist;
				LD_RUNPATH_SEARCH_PATHS = (
					"$(inherited)",
					"@executable_path/Frameworks",
				);
				PRODUCT_BUNDLE_IDENTIFIER = com.rodrigo.conte.marvelHeroes;
				PRODUCT_NAME = "$(TARGET_NAME)";
				SWIFT_VERSION = 5.0;
				TARGETED_DEVICE_FAMILY = "1,2";
			};
			name = Release;
		};
/* End XCBuildConfiguration section */

/* Begin XCConfigurationList section */
		AAB6480725C74D840057DBB8 /* Build configuration list for PBXProject "marvelHeroes" */ = {
			isa = XCConfigurationList;
			buildConfigurations = (
				AAB6482125C74D850057DBB8 /* Debug */,
				AAB6482225C74D850057DBB8 /* Release */,
			);
			defaultConfigurationIsVisible = 0;
			defaultConfigurationName = Release;
		};
		AAB6482325C74D850057DBB8 /* Build configuration list for PBXNativeTarget "marvelHeroes" */ = {
			isa = XCConfigurationList;
			buildConfigurations = (
				AAB6482425C74D850057DBB8 /* Debug */,
				AAB6482525C74D850057DBB8 /* Release */,
			);
			defaultConfigurationIsVisible = 0;
			defaultConfigurationName = Release;
		};
/* End XCConfigurationList section */

/* Begin XCVersionGroup section */
		AAB6481825C74D840057DBB8 /* marvelHeroes.xcdatamodeld */ = {
			isa = XCVersionGroup;
			children = (
				AAB6481925C74D840057DBB8 /* marvelHeroes.xcdatamodel */,
			);
			currentVersion = AAB6481925C74D840057DBB8 /* marvelHeroes.xcdatamodel */;
			path = marvelHeroes.xcdatamodeld;
			sourceTree = "<group>";
			versionGroupType = wrapper.xcdatamodel;
		};
/* End XCVersionGroup section */
	};
	rootObject = AAB6480425C74D840057DBB8 /* Project object */;
}
